// !$*UTF8*$!
{
	archiveVersion = 1;
	classes = {
	};
	objectVersion = 48;
	objects = {

/* Begin PBXBuildFile section */
		94A2AD141F9058B7009AD58C /* AppDelegate.swift in Sources */ = {isa = PBXBuildFile; fileRef = 94A2AD131F9058B7009AD58C /* AppDelegate.swift */; };
		94A2AD161F9058B7009AD58C /* ViewController.swift in Sources */ = {isa = PBXBuildFile; fileRef = 94A2AD151F9058B7009AD58C /* ViewController.swift */; };
		94A2AD191F9058B7009AD58C /* ViewController.storyboard in Resources */ = {isa = PBXBuildFile; fileRef = 94A2AD171F9058B7009AD58C /* ViewController.storyboard */; };
		94A2AD1B1F9058B7009AD58C /* Assets.xcassets in Resources */ = {isa = PBXBuildFile; fileRef = 94A2AD1A1F9058B7009AD58C /* Assets.xcassets */; };
		94A2AD1E1F9058B7009AD58C /* LaunchScreen.storyboard in Resources */ = {isa = PBXBuildFile; fileRef = 94A2AD1C1F9058B7009AD58C /* LaunchScreen.storyboard */; };
		94A2AD271F9059C2009AD58C /* Instantiate.framework in Frameworks */ = {isa = PBXBuildFile; fileRef = 94A2AD261F9059C2009AD58C /* Instantiate.framework */; };
		94A2AD291F9059CE009AD58C /* InstantiateStandard.framework in Frameworks */ = {isa = PBXBuildFile; fileRef = 94A2AD281F9059CE009AD58C /* InstantiateStandard.framework */; };
		94A2AD2C1F906794009AD58C /* ViewController2.swift in Sources */ = {isa = PBXBuildFile; fileRef = 94A2AD2B1F906794009AD58C /* ViewController2.swift */; };
		94ADCDD91F96EA0800596D93 /* ViewController3.swift in Sources */ = {isa = PBXBuildFile; fileRef = 94ADCDD81F96EA0800596D93 /* ViewController3.swift */; };
/* End PBXBuildFile section */

/* Begin PBXFileReference section */
		94A2AD101F9058B7009AD58C /* InstantiateSample.app */ = {isa = PBXFileReference; explicitFileType = wrapper.application; includeInIndex = 0; path = InstantiateSample.app; sourceTree = BUILT_PRODUCTS_DIR; };
		94A2AD131F9058B7009AD58C /* AppDelegate.swift */ = {isa = PBXFileReference; lastKnownFileType = sourcecode.swift; path = AppDelegate.swift; sourceTree = "<group>"; };
		94A2AD151F9058B7009AD58C /* ViewController.swift */ = {isa = PBXFileReference; lastKnownFileType = sourcecode.swift; path = ViewController.swift; sourceTree = "<group>"; };
		94A2AD181F9058B7009AD58C /* Base */ = {isa = PBXFileReference; lastKnownFileType = file.storyboard; name = Base; path = Base.lproj/ViewController.storyboard; sourceTree = "<group>"; };
		94A2AD1A1F9058B7009AD58C /* Assets.xcassets */ = {isa = PBXFileReference; lastKnownFileType = folder.assetcatalog; path = Assets.xcassets; sourceTree = "<group>"; };
		94A2AD1D1F9058B7009AD58C /* Base */ = {isa = PBXFileReference; lastKnownFileType = file.storyboard; name = Base; path = Base.lproj/LaunchScreen.storyboard; sourceTree = "<group>"; };
		94A2AD1F1F9058B7009AD58C /* Info.plist */ = {isa = PBXFileReference; lastKnownFileType = text.plist.xml; path = Info.plist; sourceTree = "<group>"; };
		94A2AD261F9059C2009AD58C /* Instantiate.framework */ = {isa = PBXFileReference; lastKnownFileType = wrapper.framework; name = Instantiate.framework; path = Carthage/Build/iOS/Instantiate.framework; sourceTree = "<group>"; };
		94A2AD281F9059CE009AD58C /* InstantiateStandard.framework */ = {isa = PBXFileReference; lastKnownFileType = wrapper.framework; name = InstantiateStandard.framework; path = Carthage/Build/iOS/InstantiateStandard.framework; sourceTree = "<group>"; };
		94A2AD2B1F906794009AD58C /* ViewController2.swift */ = {isa = PBXFileReference; lastKnownFileType = sourcecode.swift; path = ViewController2.swift; sourceTree = "<group>"; };
		94ADCDD81F96EA0800596D93 /* ViewController3.swift */ = {isa = PBXFileReference; lastKnownFileType = sourcecode.swift; path = ViewController3.swift; sourceTree = "<group>"; };
/* End PBXFileReference section */

/* Begin PBXFrameworksBuildPhase section */
		94A2AD0D1F9058B7009AD58C /* Frameworks */ = {
			isa = PBXFrameworksBuildPhase;
			buildActionMask = 2147483647;
			files = (
				94A2AD291F9059CE009AD58C /* InstantiateStandard.framework in Frameworks */,
				94A2AD271F9059C2009AD58C /* Instantiate.framework in Frameworks */,
			);
			runOnlyForDeploymentPostprocessing = 0;
		};
/* End PBXFrameworksBuildPhase section */

/* Begin PBXGroup section */
		94A2AD071F9058B7009AD58C = {
			isa = PBXGroup;
			children = (
				94A2AD121F9058B7009AD58C /* InstantiateSample */,
				94A2AD111F9058B7009AD58C /* Products */,
				94A2AD251F9059C2009AD58C /* Frameworks */,
			);
			sourceTree = "<group>";
		};
		94A2AD111F9058B7009AD58C /* Products */ = {
			isa = PBXGroup;
			children = (
				94A2AD101F9058B7009AD58C /* InstantiateSample.app */,
			);
			name = Products;
			sourceTree = "<group>";
		};
		94A2AD121F9058B7009AD58C /* InstantiateSample */ = {
			isa = PBXGroup;
			children = (
				94A2AD1F1F9058B7009AD58C /* Info.plist */,
				94A2AD131F9058B7009AD58C /* AppDelegate.swift */,
				94A2AD151F9058B7009AD58C /* ViewController.swift */,
				94A2AD2B1F906794009AD58C /* ViewController2.swift */,
				94ADCDD81F96EA0800596D93 /* ViewController3.swift */,
				94A2AD171F9058B7009AD58C /* ViewController.storyboard */,
				94A2AD1A1F9058B7009AD58C /* Assets.xcassets */,
				94A2AD1C1F9058B7009AD58C /* LaunchScreen.storyboard */,
			);
			path = InstantiateSample;
			sourceTree = "<group>";
		};
		94A2AD251F9059C2009AD58C /* Frameworks */ = {
			isa = PBXGroup;
			children = (
				94A2AD281F9059CE009AD58C /* InstantiateStandard.framework */,
				94A2AD261F9059C2009AD58C /* Instantiate.framework */,
			);
			name = Frameworks;
			sourceTree = "<group>";
		};
/* End PBXGroup section */

/* Begin PBXNativeTarget section */
		94A2AD0F1F9058B7009AD58C /* InstantiateSample */ = {
			isa = PBXNativeTarget;
			buildConfigurationList = 94A2AD221F9058B7009AD58C /* Build configuration list for PBXNativeTarget "InstantiateSample" */;
			buildPhases = (
				94A2AD0C1F9058B7009AD58C /* Sources */,
				94A2AD0D1F9058B7009AD58C /* Frameworks */,
				94A2AD0E1F9058B7009AD58C /* Resources */,
				94A2AD2A1F9059E8009AD58C /* ShellScript */,
			);
			buildRules = (
			);
			dependencies = (
			);
			name = InstantiateSample;
			productName = InstantiateSample;
			productReference = 94A2AD101F9058B7009AD58C /* InstantiateSample.app */;
			productType = "com.apple.product-type.application";
		};
/* End PBXNativeTarget section */

/* Begin PBXProject section */
		94A2AD081F9058B7009AD58C /* Project object */ = {
			isa = PBXProject;
			attributes = {
				LastSwiftUpdateCheck = 0900;
				LastUpgradeCheck = 0900;
				ORGANIZATIONNAME = "Yuki Sumida";
				TargetAttributes = {
					94A2AD0F1F9058B7009AD58C = {
						CreatedOnToolsVersion = 9.0;
						ProvisioningStyle = Automatic;
					};
				};
			};
			buildConfigurationList = 94A2AD0B1F9058B7009AD58C /* Build configuration list for PBXProject "InstantiateSample" */;
			compatibilityVersion = "Xcode 8.0";
			developmentRegion = en;
			hasScannedForEncodings = 0;
			knownRegions = (
				en,
				Base,
			);
			mainGroup = 94A2AD071F9058B7009AD58C;
			productRefGroup = 94A2AD111F9058B7009AD58C /* Products */;
			projectDirPath = "";
			projectRoot = "";
			targets = (
				94A2AD0F1F9058B7009AD58C /* InstantiateSample */,
			);
		};
/* End PBXProject section */

/* Begin PBXResourcesBuildPhase section */
		94A2AD0E1F9058B7009AD58C /* Resources */ = {
			isa = PBXResourcesBuildPhase;
			buildActionMask = 2147483647;
			files = (
				94A2AD1E1F9058B7009AD58C /* LaunchScreen.storyboard in Resources */,
				94A2AD1B1F9058B7009AD58C /* Assets.xcassets in Resources */,
				94A2AD191F9058B7009AD58C /* ViewController.storyboard in Resources */,
			);
			runOnlyForDeploymentPostprocessing = 0;
		};
/* End PBXResourcesBuildPhase section */

/* Begin PBXShellScriptBuildPhase section */
		94A2AD2A1F9059E8009AD58C /* ShellScript */ = {
			isa = PBXShellScriptBuildPhase;
			buildActionMask = 2147483647;
			files = (
			);
			inputPaths = (
				"$(SRCROOT)/Carthage/Build/iOS/Instantiate.framework",
				"$(SRCROOT)/Carthage/Build/iOS/InstantiateStandard.framework",
			);
			outputPaths = (
			);
			runOnlyForDeploymentPostprocessing = 0;
			shellPath = /bin/sh;
			shellScript = "/usr/local/bin/carthage copy-frameworks";
		};
/* End PBXShellScriptBuildPhase section */

/* Begin PBXSourcesBuildPhase section */
		94A2AD0C1F9058B7009AD58C /* Sources */ = {
			isa = PBXSourcesBuildPhase;
			buildActionMask = 2147483647;
			files = (
				94A2AD161F9058B7009AD58C /* ViewController.swift in Sources */,
				94A2AD141F9058B7009AD58C /* AppDelegate.swift in Sources */,
				94ADCDD91F96EA0800596D93 /* ViewController3.swift in Sources */,
				94A2AD2C1F906794009AD58C /* ViewController2.swift in Sources */,
			);
			runOnlyForDeploymentPostprocessing = 0;
		};
/* End PBXSourcesBuildPhase section */

/* Begin PBXVariantGroup section */
		94A2AD171F9058B7009AD58C /* ViewController.storyboard */ = {
			isa = PBXVariantGroup;
			children = (
				94A2AD181F9058B7009AD58C /* Base */,
			);
			name = ViewController.storyboard;
			sourceTree = "<group>";
		};
		94A2AD1C1F9058B7009AD58C /* LaunchScreen.storyboard */ = {
			isa = PBXVariantGroup;
			children = (
				94A2AD1D1F9058B7009AD58C /* Base */,
			);
			name = LaunchScreen.storyboard;
			sourceTree = "<group>";
		};
/* End PBXVariantGroup section */

/* Begin XCBuildConfiguration section */
		94A2AD201F9058B7009AD58C /* Debug */ = {
			isa = XCBuildConfiguration;
			buildSettings = {
				ALWAYS_SEARCH_USER_PATHS = NO;
				CLANG_ANALYZER_NONNULL = YES;
				CLANG_ANALYZER_NUMBER_OBJECT_CONVERSION = YES_AGGRESSIVE;
				CLANG_CXX_LANGUAGE_STANDARD = "gnu++14";
				CLANG_CXX_LIBRARY = "libc++";
				CLANG_ENABLE_MODULES = YES;
				CLANG_ENABLE_OBJC_ARC = YES;
				CLANG_WARN_BLOCK_CAPTURE_AUTORELEASING = YES;
				CLANG_WARN_BOOL_CONVERSION = YES;
				CLANG_WARN_COMMA = YES;
				CLANG_WARN_CONSTANT_CONVERSION = YES;
				CLANG_WARN_DIRECT_OBJC_ISA_USAGE = YES_ERROR;
				CLANG_WARN_DOCUMENTATION_COMMENTS = YES;
				CLANG_WARN_EMPTY_BODY = YES;
				CLANG_WARN_ENUM_CONVERSION = YES;
				CLANG_WARN_INFINITE_RECURSION = YES;
				CLANG_WARN_INT_CONVERSION = YES;
				CLANG_WARN_NON_LITERAL_NULL_CONVERSION = YES;
				CLANG_WARN_OBJC_LITERAL_CONVERSION = YES;
				CLANG_WARN_OBJC_ROOT_CLASS = YES_ERROR;
				CLANG_WARN_RANGE_LOOP_ANALYSIS = YES;
				CLANG_WARN_STRICT_PROTOTYPES = YES;
				CLANG_WARN_SUSPICIOUS_MOVE = YES;
				CLANG_WARN_UNGUARDED_AVAILABILITY = YES_AGGRESSIVE;
				CLANG_WARN_UNREACHABLE_CODE = YES;
				CLANG_WARN__DUPLICATE_METHOD_MATCH = YES;
				CODE_SIGN_IDENTITY = "iPhone Developer";
				COPY_PHASE_STRIP = NO;
				DEBUG_INFORMATION_FORMAT = dwarf;
				ENABLE_STRICT_OBJC_MSGSEND = YES;
				ENABLE_TESTABILITY = YES;
				GCC_C_LANGUAGE_STANDARD = gnu11;
				GCC_DYNAMIC_NO_PIC = NO;
				GCC_NO_COMMON_BLOCKS = YES;
				GCC_OPTIMIZATION_LEVEL = 0;
				GCC_PREPROCESSOR_DEFINITIONS = (
					"DEBUG=1",
					"$(inherited)",
				);
				GCC_WARN_64_TO_32_BIT_CONVERSION = YES;
				GCC_WARN_ABOUT_RETURN_TYPE = YES_ERROR;
				GCC_WARN_UNDECLARED_SELECTOR = YES;
				GCC_WARN_UNINITIALIZED_AUTOS = YES_AGGRESSIVE;
				GCC_WARN_UNUSED_FUNCTION = YES;
				GCC_WARN_UNUSED_VARIABLE = YES;
				IPHONEOS_DEPLOYMENT_TARGET = 11.0;
				MTL_ENABLE_DEBUG_INFO = YES;
				ONLY_ACTIVE_ARCH = YES;
				SDKROOT = iphoneos;
				SWIFT_ACTIVE_COMPILATION_CONDITIONS = DEBUG;
				SWIFT_OPTIMIZATION_LEVEL = "-Onone";
			};
			name = Debug;
		};
		94A2AD211F9058B7009AD58C /* Release */ = {
			isa = XCBuildConfiguration;
			buildSettings = {
				ALWAYS_SEARCH_USER_PATHS = NO;
				CLANG_ANALYZER_NONNULL = YES;
				CLANG_ANALYZER_NUMBER_OBJECT_CONVERSION = YES_AGGRESSIVE;
				CLANG_CXX_LANGUAGE_STANDARD = "gnu++14";
				CLANG_CXX_LIBRARY = "libc++";
				CLANG_ENABLE_MODULES = YES;
				CLANG_ENABLE_OBJC_ARC = YES;
				CLANG_WARN_BLOCK_CAPTURE_AUTORELEASING = YES;
				CLANG_WARN_BOOL_CONVERSION = YES;
				CLANG_WARN_COMMA = YES;
				CLANG_WARN_CONSTANT_CONVERSION = YES;
				CLANG_WARN_DIRECT_OBJC_ISA_USAGE = YES_ERROR;
				CLANG_WARN_DOCUMENTATION_COMMENTS = YES;
				CLANG_WARN_EMPTY_BODY = YES;
				CLANG_WARN_ENUM_CONVERSION = YES;
				CLANG_WARN_INFINITE_RECURSION = YES;
				CLANG_WARN_INT_CONVERSION = YES;
				CLANG_WARN_NON_LITERAL_NULL_CONVERSION = YES;
				CLANG_WARN_OBJC_LITERAL_CONVERSION = YES;
				CLANG_WARN_OBJC_ROOT_CLASS = YES_ERROR;
				CLANG_WARN_RANGE_LOOP_ANALYSIS = YES;
				CLANG_WARN_STRICT_PROTOTYPES = YES;
				CLANG_WARN_SUSPICIOUS_MOVE = YES;
				CLANG_WARN_UNGUARDED_AVAILABILITY = YES_AGGRESSIVE;
				CLANG_WARN_UNREACHABLE_CODE = YES;
				CLANG_WARN__DUPLICATE_METHOD_MATCH = YES;
				CODE_SIGN_IDENTITY = "iPhone Developer";
				COPY_PHASE_STRIP = NO;
				DEBUG_INFORMATION_FORMAT = "dwarf-with-dsym";
				ENABLE_NS_ASSERTIONS = NO;
				ENABLE_STRICT_OBJC_MSGSEND = YES;
				GCC_C_LANGUAGE_STANDARD = gnu11;
				GCC_NO_COMMON_BLOCKS = YES;
				GCC_WARN_64_TO_32_BIT_CONVERSION = YES;
				GCC_WARN_ABOUT_RETURN_TYPE = YES_ERROR;
				GCC_WARN_UNDECLARED_SELECTOR = YES;
				GCC_WARN_UNINITIALIZED_AUTOS = YES_AGGRESSIVE;
				GCC_WARN_UNUSED_FUNCTION = YES;
				GCC_WARN_UNUSED_VARIABLE = YES;
				IPHONEOS_DEPLOYMENT_TARGET = 11.0;
				MTL_ENABLE_DEBUG_INFO = NO;
				SDKROOT = iphoneos;
				SWIFT_OPTIMIZATION_LEVEL = "-Owholemodule";
				VALIDATE_PRODUCT = YES;
			};
			name = Release;
		};
		94A2AD231F9058B7009AD58C /* Debug */ = {
			isa = XCBuildConfiguration;
			buildSettings = {
				ASSETCATALOG_COMPILER_APPICON_NAME = AppIcon;
				CODE_SIGN_STYLE = Automatic;
				FRAMEWORK_SEARCH_PATHS = (
					"$(inherited)",
					"$(PROJECT_DIR)/Carthage/Build/iOS",
				);
				INFOPLIST_FILE = InstantiateSample/Info.plist;
				LD_RUNPATH_SEARCH_PATHS = "$(inherited) @executable_path/Frameworks";
				PRODUCT_BUNDLE_IDENTIFIER = com.example.sample.InstantiateSample;
				PRODUCT_NAME = "$(TARGET_NAME)";
				SWIFT_VERSION = 4.0;
				TARGETED_DEVICE_FAMILY = "1,2";
			};
			name = Debug;
		};
		94A2AD241F9058B7009AD58C /* Release */ = {
			isa = XCBuildConfiguration;
			buildSettings = {
				ASSETCATALOG_COMPILER_APPICON_NAME = AppIcon;
				CODE_SIGN_STYLE = Automatic;
				FRAMEWORK_SEARCH_PATHS = (
					"$(inherited)",
					"$(PROJECT_DIR)/Carthage/Build/iOS",
				);
				INFOPLIST_FILE = InstantiateSample/Info.plist;
				LD_RUNPATH_SEARCH_PATHS = "$(inherited) @executable_path/Frameworks";
				PRODUCT_BUNDLE_IDENTIFIER = com.example.sample.InstantiateSample;
				PRODUCT_NAME = "$(TARGET_NAME)";
				SWIFT_VERSION = 4.0;
				TARGETED_DEVICE_FAMILY = "1,2";
			};
			name = Release;
		};
/* End XCBuildConfiguration section */

/* Begin XCConfigurationList section */
		94A2AD0B1F9058B7009AD58C /* Build configuration list for PBXProject "InstantiateSample" */ = {
			isa = XCConfigurationList;
			buildConfigurations = (
				94A2AD201F9058B7009AD58C /* Debug */,
				94A2AD211F9058B7009AD58C /* Release */,
			);
			defaultConfigurationIsVisible = 0;
			defaultConfigurationName = Release;
		};
		94A2AD221F9058B7009AD58C /* Build configuration list for PBXNativeTarget "InstantiateSample" */ = {
			isa = XCConfigurationList;
			buildConfigurations = (
				94A2AD231F9058B7009AD58C /* Debug */,
				94A2AD241F9058B7009AD58C /* Release */,
			);
			defaultConfigurationIsVisible = 0;
			defaultConfigurationName = Release;
		};
/* End XCConfigurationList section */
	};
	rootObject = 94A2AD081F9058B7009AD58C /* Project object */;
}
